
Microsoft Visual Studio Solution File, Format Version 12.00
# Visual Studio Version 17
VisualStudioVersion = 17.8.34525.116
MinimumVisualStudioVersion = 10.0.40219.1
Project("{FAE04EC0-301F-11D3-BF4B-00C04F79EFBC}") = "GeometrySpaces", "GeometrySpaces\GeometrySpaces.csproj", "{AA63E226-E4F3-483B-BEEB-BB18BE5C4C6A}"
EndProject
Project("{FAE04EC0-301F-11D3-BF4B-00C04F79EFBC}") = "GeometrySpacesTests", "GeometrySpacesTests\GeometrySpacesTests.csproj", "{1770517C-A5C2-4080-A192-C62FC39FCAB5}"
EndProject
Global
	GlobalSection(SolutionConfigurationPlatforms) = preSolution
		Debug|Any CPU = Debug|Any CPU
		Release|Any CPU = Release|Any CPU
	EndGlobalSection
	GlobalSection(ProjectConfigurationPlatforms) = postSolution
		{AA63E226-E4F3-483B-BEEB-BB18BE5C4C6A}.Debug|Any CPU.ActiveCfg = Debug|Any CPU
		{AA63E226-E4F3-483B-BEEB-BB18BE5C4C6A}.Debug|Any CPU.Build.0 = Debug|Any CPU
		{AA63E226-E4F3-483B-BEEB-BB18BE5C4C6A}.Release|Any CPU.ActiveCfg = Release|Any CPU
		{AA63E226-E4F3-483B-BEEB-BB18BE5C4C6A}.Release|Any CPU.Build.0 = Release|Any CPU
		{1770517C-A5C2-4080-A192-C62FC39FCAB5}.Debug|Any CPU.ActiveCfg = Debug|Any CPU
		{1770517C-A5C2-4080-A192-C62FC39FCAB5}.Debug|Any CPU.Build.0 = Debug|Any CPU
		{1770517C-A5C2-4080-A192-C62FC39FCAB5}.Release|Any CPU.ActiveCfg = Release|Any CPU
		{1770517C-A5C2-4080-A192-C62FC39FCAB5}.Release|Any CPU.Build.0 = Release|Any CPU
	EndGlobalSection
	GlobalSection(SolutionProperties) = preSolution
		HideSolutionNode = FALSE
	EndGlobalSection
	GlobalSection(ExtensibilityGlobals) = postSolution
		SolutionGuid = {F254F7FC-433A-42FD-805F-FB9F28C31AF7}
	EndGlobalSection
EndGlobal
